
Microsoft Visual Studio Solution File, Format Version 12.00
# Visual Studio Version 16
VisualStudioVersion = 16.0.30413.136
MinimumVisualStudioVersion = 10.0.40219.1
Project("{FAE04EC0-301F-11D3-BF4B-00C04F79EFBC}") = "Sim_live", "Sim_live.csproj", "{280A59E4-08BC-4BB8-B980-41261D478229}"
EndProject
Global
	GlobalSection(SolutionConfigurationPlatforms) = preSolution
		Debug|Any CPU = Debug|Any CPU
		Release|Any CPU = Release|Any CPU
	EndGlobalSection
	GlobalSection(ProjectConfigurationPlatforms) = postSolution
		{280A59E4-08BC-4BB8-B980-41261D478229}.Debug|Any CPU.ActiveCfg = Debug|Any CPU
		{280A59E4-08BC-4BB8-B980-41261D478229}.Debug|Any CPU.Build.0 = Debug|Any CPU
		{280A59E4-08BC-4BB8-B980-41261D478229}.Release|Any CPU.ActiveCfg = Release|Any CPU
		{280A59E4-08BC-4BB8-B980-41261D478229}.Release|Any CPU.Build.0 = Release|Any CPU
	EndGlobalSection
	GlobalSection(SolutionProperties) = preSolution
		HideSolutionNode = FALSE
	EndGlobalSection
	GlobalSection(ExtensibilityGlobals) = postSolution
		SolutionGuid = {FE29EC5F-C43D-440D-915D-2221295DE006}
	EndGlobalSection
EndGlobal
